
Microsoft Visual Studio Solution File, Format Version 12.00
# Visual Studio 2013
VisualStudioVersion = 12.0.30501.0
MinimumVisualStudioVersion = 10.0.40219.1
Project("{8BC9CEB8-8B4A-11D0-8D11-00A0C91BC942}") = "Transposer", "Transposer\Transposer.vcxproj", "{CBC67E34-B5EA-424C-AD63-18019A3A8875}"
EndProject
Project("{8BC9CEB8-8B4A-11D0-8D11-00A0C91BC942}") = "Test_Transposer", "Test_Transposer\Test_Transposer.vcxproj", "{D9793825-81E9-4920-B10D-4B787ADF3C31}"
EndProject
Project("{8BC9CEB8-8B4A-11D0-8D11-00A0C91BC942}") = "UI_Transposer", "UI_Transposer\UI_Transposer.vcxproj", "{317BA78A-99A5-4C51-A7F1-4412D0092FF6}"
EndProject
Project("{8BC9CEB8-8B4A-11D0-8D11-00A0C91BC942}") = "ConsoleEXE", "ConsoleEXE\ConsoleEXE.vcxproj", "{38AA046B-662E-4077-A3B9-7E6E41BACA7B}"
EndProject
Project("{8BC9CEB8-8B4A-11D0-8D11-00A0C91BC942}") = "TransposerCLR", "TransposerCLR\TransposerCLR.vcxproj", "{EA65FE46-EF90-488C-8D9A-327828295476}"
EndProject
Project("{54435603-DBB4-11D2-8724-00A0C9A8B90C}") = "Transposer_Setup", "Transposer_Setup\Transposer_Setup.vdproj", "{6861C4F0-AFC0-4F82-B762-525315EBD047}"
EndProject
Global
	GlobalSection(SolutionConfigurationPlatforms) = preSolution
		CD_ROM|ARM = CD_ROM|ARM
		CD_ROM|Win32 = CD_ROM|Win32
		CD_ROM|x64 = CD_ROM|x64
		Debug|ARM = Debug|ARM
		Debug|Win32 = Debug|Win32
		Debug|x64 = Debug|x64
		DVD-5|ARM = DVD-5|ARM
		DVD-5|Win32 = DVD-5|Win32
		DVD-5|x64 = DVD-5|x64
		Release|ARM = Release|ARM
		Release|Win32 = Release|Win32
		Release|x64 = Release|x64
		SingleImage|ARM = SingleImage|ARM
		SingleImage|Win32 = SingleImage|Win32
		SingleImage|x64 = SingleImage|x64
	EndGlobalSection
	GlobalSection(ProjectConfigurationPlatforms) = postSolution
		{CBC67E34-B5EA-424C-AD63-18019A3A8875}.CD_ROM|ARM.ActiveCfg = Release|Win32
		{CBC67E34-B5EA-424C-AD63-18019A3A8875}.CD_ROM|Win32.ActiveCfg = Release|Win32
		{CBC67E34-B5EA-424C-AD63-18019A3A8875}.CD_ROM|Win32.Build.0 = Release|Win32
		{CBC67E34-B5EA-424C-AD63-18019A3A8875}.CD_ROM|x64.ActiveCfg = Release|Win32
		{CBC67E34-B5EA-424C-AD63-18019A3A8875}.Debug|ARM.ActiveCfg = Debug|Win32
		{CBC67E34-B5EA-424C-AD63-18019A3A8875}.Debug|Win32.ActiveCfg = Debug|Win32
		{CBC67E34-B5EA-424C-AD63-18019A3A8875}.Debug|Win32.Build.0 = Debug|Win32
		{CBC67E34-B5EA-424C-AD63-18019A3A8875}.Debug|x64.ActiveCfg = Debug|Win32
		{CBC67E34-B5EA-424C-AD63-18019A3A8875}.DVD-5|ARM.ActiveCfg = Debug|Win32
		{CBC67E34-B5EA-424C-AD63-18019A3A8875}.DVD-5|Win32.ActiveCfg = Debug|Win32
		{CBC67E34-B5EA-424C-AD63-18019A3A8875}.DVD-5|Win32.Build.0 = Debug|Win32
		{CBC67E34-B5EA-424C-AD63-18019A3A8875}.DVD-5|x64.ActiveCfg = Debug|Win32
		{CBC67E34-B5EA-424C-AD63-18019A3A8875}.Release|ARM.ActiveCfg = Release|Win32
		{CBC67E34-B5EA-424C-AD63-18019A3A8875}.Release|Win32.ActiveCfg = Release|Win32
		{CBC67E34-B5EA-424C-AD63-18019A3A8875}.Release|Win32.Build.0 = Release|Win32
		{CBC67E34-B5EA-424C-AD63-18019A3A8875}.Release|x64.ActiveCfg = Release|Win32
		{CBC67E34-B5EA-424C-AD63-18019A3A8875}.SingleImage|ARM.ActiveCfg = Release|Win32
		{CBC67E34-B5EA-424C-AD63-18019A3A8875}.SingleImage|Win32.ActiveCfg = Release|Win32
		{CBC67E34-B5EA-424C-AD63-18019A3A8875}.SingleImage|Win32.Build.0 = Release|Win32
		{CBC67E34-B5EA-424C-AD63-18019A3A8875}.SingleImage|x64.ActiveCfg = Release|Win32
		{D9793825-81E9-4920-B10D-4B787ADF3C31}.CD_ROM|ARM.ActiveCfg = Release|Win32
		{D9793825-81E9-4920-B10D-4B787ADF3C31}.CD_ROM|Win32.ActiveCfg = Release|Win32
		{D9793825-81E9-4920-B10D-4B787ADF3C31}.CD_ROM|Win32.Build.0 = Release|Win32
		{D9793825-81E9-4920-B10D-4B787ADF3C31}.CD_ROM|x64.ActiveCfg = Release|Win32
		{D9793825-81E9-4920-B10D-4B787ADF3C31}.Debug|ARM.ActiveCfg = Debug|Win32
		{D9793825-81E9-4920-B10D-4B787ADF3C31}.Debug|Win32.ActiveCfg = Debug|Win32
		{D9793825-81E9-4920-B10D-4B787ADF3C31}.Debug|Win32.Build.0 = Debug|Win32
		{D9793825-81E9-4920-B10D-4B787ADF3C31}.Debug|x64.ActiveCfg = Debug|Win32
		{D9793825-81E9-4920-B10D-4B787ADF3C31}.DVD-5|ARM.ActiveCfg = Debug|Win32
		{D9793825-81E9-4920-B10D-4B787ADF3C31}.DVD-5|Win32.ActiveCfg = Debug|Win32
		{D9793825-81E9-4920-B10D-4B787ADF3C31}.DVD-5|Win32.Build.0 = Debug|Win32
		{D9793825-81E9-4920-B10D-4B787ADF3C31}.DVD-5|x64.ActiveCfg = Debug|Win32
		{D9793825-81E9-4920-B10D-4B787ADF3C31}.Release|ARM.ActiveCfg = Release|Win32
		{D9793825-81E9-4920-B10D-4B787ADF3C31}.Release|Win32.ActiveCfg = Release|Win32
		{D9793825-81E9-4920-B10D-4B787ADF3C31}.Release|Win32.Build.0 = Release|Win32
		{D9793825-81E9-4920-B10D-4B787ADF3C31}.Release|x64.ActiveCfg = Release|Win32
		{D9793825-81E9-4920-B10D-4B787ADF3C31}.SingleImage|ARM.ActiveCfg = Release|Win32
		{D9793825-81E9-4920-B10D-4B787ADF3C31}.SingleImage|Win32.ActiveCfg = Release|Win32
		{D9793825-81E9-4920-B10D-4B787ADF3C31}.SingleImage|Win32.Build.0 = Release|Win32
		{D9793825-81E9-4920-B10D-4B787ADF3C31}.SingleImage|x64.ActiveCfg = Release|Win32
		{317BA78A-99A5-4C51-A7F1-4412D0092FF6}.CD_ROM|ARM.ActiveCfg = Release|Win32
		{317BA78A-99A5-4C51-A7F1-4412D0092FF6}.CD_ROM|Win32.ActiveCfg = Release|Win32
		{317BA78A-99A5-4C51-A7F1-4412D0092FF6}.CD_ROM|Win32.Build.0 = Release|Win32
		{317BA78A-99A5-4C51-A7F1-4412D0092FF6}.CD_ROM|x64.ActiveCfg = Release|Win32
		{317BA78A-99A5-4C51-A7F1-4412D0092FF6}.Debug|ARM.ActiveCfg = Debug|Win32
		{317BA78A-99A5-4C51-A7F1-4412D0092FF6}.Debug|Win32.ActiveCfg = Debug|Win32
		{317BA78A-99A5-4C51-A7F1-4412D0092FF6}.Debug|Win32.Build.0 = Debug|Win32
		{317BA78A-99A5-4C51-A7F1-4412D0092FF6}.Debug|x64.ActiveCfg = Debug|Win32
		{317BA78A-99A5-4C51-A7F1-4412D0092FF6}.DVD-5|ARM.ActiveCfg = Debug|Win32
		{317BA78A-99A5-4C51-A7F1-4412D0092FF6}.DVD-5|Win32.ActiveCfg = Debug|Win32
		{317BA78A-99A5-4C51-A7F1-4412D0092FF6}.DVD-5|Win32.Build.0 = Debug|Win32
		{317BA78A-99A5-4C51-A7F1-4412D0092FF6}.DVD-5|x64.ActiveCfg = Debug|Win32
		{317BA78A-99A5-4C51-A7F1-4412D0092FF6}.Release|ARM.ActiveCfg = Release|Win32
		{317BA78A-99A5-4C51-A7F1-4412D0092FF6}.Release|Win32.ActiveCfg = Release|Win32
		{317BA78A-99A5-4C51-A7F1-4412D0092FF6}.Release|Win32.Build.0 = Release|Win32
		{317BA78A-99A5-4C51-A7F1-4412D0092FF6}.Release|x64.ActiveCfg = Release|Win32
		{317BA78A-99A5-4C51-A7F1-4412D0092FF6}.SingleImage|ARM.ActiveCfg = Release|Win32
		{317BA78A-99A5-4C51-A7F1-4412D0092FF6}.SingleImage|Win32.ActiveCfg = Release|Win32
		{317BA78A-99A5-4C51-A7F1-4412D0092FF6}.SingleImage|Win32.Build.0 = Release|Win32
		{317BA78A-99A5-4C51-A7F1-4412D0092FF6}.SingleImage|x64.ActiveCfg = Release|Win32
		{38AA046B-662E-4077-A3B9-7E6E41BACA7B}.CD_ROM|ARM.ActiveCfg = Release|Win32
		{38AA046B-662E-4077-A3B9-7E6E41BACA7B}.CD_ROM|Win32.ActiveCfg = Release|Win32
		{38AA046B-662E-4077-A3B9-7E6E41BACA7B}.CD_ROM|Win32.Build.0 = Release|Win32
		{38AA046B-662E-4077-A3B9-7E6E41BACA7B}.CD_ROM|x64.ActiveCfg = Release|Win32
		{38AA046B-662E-4077-A3B9-7E6E41BACA7B}.Debug|ARM.ActiveCfg = Debug|Win32
		{38AA046B-662E-4077-A3B9-7E6E41BACA7B}.Debug|Win32.ActiveCfg = Debug|Win32
		{38AA046B-662E-4077-A3B9-7E6E41BACA7B}.Debug|Win32.Build.0 = Debug|Win32
		{38AA046B-662E-4077-A3B9-7E6E41BACA7B}.Debug|x64.ActiveCfg = Debug|Win32
		{38AA046B-662E-4077-A3B9-7E6E41BACA7B}.DVD-5|ARM.ActiveCfg = Debug|Win32
		{38AA046B-662E-4077-A3B9-7E6E41BACA7B}.DVD-5|Win32.ActiveCfg = Debug|Win32
		{38AA046B-662E-4077-A3B9-7E6E41BACA7B}.DVD-5|Win32.Build.0 = Debug|Win32
		{38AA046B-662E-4077-A3B9-7E6E41BACA7B}.DVD-5|x64.ActiveCfg = Debug|Win32
		{38AA046B-662E-4077-A3B9-7E6E41BACA7B}.Release|ARM.ActiveCfg = Release|Win32
		{38AA046B-662E-4077-A3B9-7E6E41BACA7B}.Release|Win32.ActiveCfg = Release|Win32
		{38AA046B-662E-4077-A3B9-7E6E41BACA7B}.Release|Win32.Build.0 = Release|Win32
		{38AA046B-662E-4077-A3B9-7E6E41BACA7B}.Release|x64.ActiveCfg = Release|Win32
		{38AA046B-662E-4077-A3B9-7E6E41BACA7B}.SingleImage|ARM.ActiveCfg = Release|Win32
		{38AA046B-662E-4077-A3B9-7E6E41BACA7B}.SingleImage|Win32.ActiveCfg = Release|Win32
		{38AA046B-662E-4077-A3B9-7E6E41BACA7B}.SingleImage|Win32.Build.0 = Release|Win32
		{38AA046B-662E-4077-A3B9-7E6E41BACA7B}.SingleImage|x64.ActiveCfg = Release|Win32
		{EA65FE46-EF90-488C-8D9A-327828295476}.CD_ROM|ARM.ActiveCfg = Release|Win32
		{EA65FE46-EF90-488C-8D9A-327828295476}.CD_ROM|Win32.ActiveCfg = Release|Win32
		{EA65FE46-EF90-488C-8D9A-327828295476}.CD_ROM|Win32.Build.0 = Release|Win32
		{EA65FE46-EF90-488C-8D9A-327828295476}.CD_ROM|x64.ActiveCfg = Release|Win32
		{EA65FE46-EF90-488C-8D9A-327828295476}.Debug|ARM.ActiveCfg = Debug|Win32
		{EA65FE46-EF90-488C-8D9A-327828295476}.Debug|Win32.ActiveCfg = Debug|Win32
		{EA65FE46-EF90-488C-8D9A-327828295476}.Debug|Win32.Build.0 = Debug|Win32
		{EA65FE46-EF90-488C-8D9A-327828295476}.Debug|x64.ActiveCfg = Debug|Win32
		{EA65FE46-EF90-488C-8D9A-327828295476}.DVD-5|ARM.ActiveCfg = Debug|Win32
		{EA65FE46-EF90-488C-8D9A-327828295476}.DVD-5|Win32.ActiveCfg = Debug|Win32
		{EA65FE46-EF90-488C-8D9A-327828295476}.DVD-5|Win32.Build.0 = Debug|Win32
		{EA65FE46-EF90-488C-8D9A-327828295476}.DVD-5|x64.ActiveCfg = Debug|Win32
		{EA65FE46-EF90-488C-8D9A-327828295476}.Release|ARM.ActiveCfg = Release|Win32
		{EA65FE46-EF90-488C-8D9A-327828295476}.Release|Win32.ActiveCfg = Release|Win32
		{EA65FE46-EF90-488C-8D9A-327828295476}.Release|Win32.Build.0 = Release|Win32
		{EA65FE46-EF90-488C-8D9A-327828295476}.Release|x64.ActiveCfg = Release|Win32
		{EA65FE46-EF90-488C-8D9A-327828295476}.SingleImage|ARM.ActiveCfg = Release|Win32
		{EA65FE46-EF90-488C-8D9A-327828295476}.SingleImage|Win32.ActiveCfg = Release|Win32
		{EA65FE46-EF90-488C-8D9A-327828295476}.SingleImage|Win32.Build.0 = Release|Win32
		{EA65FE46-EF90-488C-8D9A-327828295476}.SingleImage|x64.ActiveCfg = Release|Win32
		{6861C4F0-AFC0-4F82-B762-525315EBD047}.CD_ROM|ARM.ActiveCfg = Release
		{6861C4F0-AFC0-4F82-B762-525315EBD047}.CD_ROM|Win32.ActiveCfg = Release
		{6861C4F0-AFC0-4F82-B762-525315EBD047}.CD_ROM|x64.ActiveCfg = Release
		{6861C4F0-AFC0-4F82-B762-525315EBD047}.Debug|ARM.ActiveCfg = Debug
		{6861C4F0-AFC0-4F82-B762-525315EBD047}.Debug|Win32.ActiveCfg = Debug
		{6861C4F0-AFC0-4F82-B762-525315EBD047}.Debug|x64.ActiveCfg = Debug
		{6861C4F0-AFC0-4F82-B762-525315EBD047}.DVD-5|ARM.ActiveCfg = Debug
		{6861C4F0-AFC0-4F82-B762-525315EBD047}.DVD-5|Win32.ActiveCfg = Debug
		{6861C4F0-AFC0-4F82-B762-525315EBD047}.DVD-5|x64.ActiveCfg = Debug
		{6861C4F0-AFC0-4F82-B762-525315EBD047}.Release|ARM.ActiveCfg = Release
		{6861C4F0-AFC0-4F82-B762-525315EBD047}.Release|Win32.ActiveCfg = Release
		{6861C4F0-AFC0-4F82-B762-525315EBD047}.Release|x64.ActiveCfg = Release
		{6861C4F0-AFC0-4F82-B762-525315EBD047}.SingleImage|ARM.ActiveCfg = Release
		{6861C4F0-AFC0-4F82-B762-525315EBD047}.SingleImage|Win32.ActiveCfg = Release
		{6861C4F0-AFC0-4F82-B762-525315EBD047}.SingleImage|x64.ActiveCfg = Release
	EndGlobalSection
	GlobalSection(SolutionProperties) = preSolution
		HideSolutionNode = FALSE
	EndGlobalSection
EndGlobal
